{
  "nodes": {
    "agent-browser": {
      "flake": false,
      "locked": {
        "lastModified": 1768758296,
        "narHash": "sha256-vWHa0a3XBJODM3PArMvGcGOG9jvSN1HaY6AzruFfb08=",
        "owner": "vercel-labs",
        "repo": "agent-browser",
        "rev": "399fd7a434583896ff11944e870ab480f1945f8b",
        "type": "github"
      },
      "original": {
        "owner": "vercel-labs",
        "repo": "agent-browser",
        "rev": "399fd7a434583896ff11944e870ab480f1945f8b",
        "type": "github"
      }
    },
    "agent-skills-nix": {
      "inputs": {
        "home-manager": "home-manager",
        "nixpkgs": [
          "nixpkgs"
        ]
      },
      "locked": {
        "lastModified": 1768984332,
        "narHash": "sha256-9Nf57MGdaPGTfLdxmf5I47ROvgTwthxQaHCL16v5Dh4=",
        "owner": "kyure-a",
        "repo": "agent-skills-nix",
        "rev": "7c6a22f336807d453c3a872f315bc2915c2b0549",
        "type": "github"
      },
      "original": {
        "owner": "kyure-a",
        "repo": "agent-skills-nix",
        "type": "github"
      }
    },
    "anthropics-agent-skills": {
      "flake": false,
      "locked": {
        "lastModified": 1766254184,
        "narHash": "sha256-pllFZoWRdtLliz/5pLWks0V9nKFMzeWoRcmFgu2UWi8=",
        "owner": "anthropics",
        "repo": "skills",
        "rev": "69c0b1a0674149f27b61b2635f935524b6add202",
        "type": "github"
      },
      "original": {
        "owner": "anthropics",
        "repo": "skills",
        "rev": "69c0b1a0674149f27b61b2635f935524b6add202",
        "type": "github"
      }
    },
    "blueprint": {
      "inputs": {
        "nixpkgs": [
          "llm-agents",
          "nixpkgs"
        ],
        "systems": "systems_2"
      },
      "locked": {
        "lastModified": 1767386128,
        "narHash": "sha256-BJDu7dIMauO2nYRSL4aI8wDNtEm2KOb7lDKP3hxdrpo=",
        "owner": "numtide",
        "repo": "blueprint",
        "rev": "0ed984d51a3031065925ab08812a5434f40b93d4",
        "type": "github"
      },
      "original": {
        "owner": "numtide",
        "repo": "blueprint",
        "type": "github"
      }
    },
    "expo-agent-skills": {
      "flake": false,
      "locked": {
        "lastModified": 1768943493,
        "narHash": "sha256-PBHov1wreUK0hwh3digO9RXetIhM6TAa21nPZjA4kxQ=",
        "owner": "expo",
        "repo": "skills",
        "rev": "7b7ecb2a304ae94168aa45ad1de936ec59b9a949",
        "type": "github"
      },
      "original": {
        "owner": "expo",
        "repo": "skills",
        "rev": "7b7ecb2a304ae94168aa45ad1de936ec59b9a949",
        "type": "github"
      }
    },
    "flake-compat": {
      "flake": false,
      "locked": {
        "lastModified": 1767039857,
        "narHash": "sha256-vNpUSpF5Nuw8xvDLj2KCwwksIbjua2LZCqhV1LNRDns=",
        "owner": "edolstra",
        "repo": "flake-compat",
        "rev": "5edf11c44bc78a0d334f6334cdaf7d60d732daab",
        "type": "github"
      },
      "original": {
        "owner": "edolstra",
        "repo": "flake-compat",
        "type": "github"
      }
    },
    "flake-utils": {
      "inputs": {
        "systems": "systems"
      },
      "locked": {
        "lastModified": 1731533236,
        "narHash": "sha256-l0KFg5HjrsfsO/JpG+r7fRrqm12kzFHyUHqHCVpMMbI=",
        "owner": "numtide",
        "repo": "flake-utils",
        "rev": "11707dc2f618dd54ca8739b309ec4fc024de578b",
        "type": "github"
      },
      "original": {
        "owner": "numtide",
        "repo": "flake-utils",
        "type": "github"
      }
    },
    "flake-utils_2": {
      "inputs": {
        "systems": "systems_3"
      },
      "locked": {
        "lastModified": 1731533236,
        "narHash": "sha256-l0KFg5HjrsfsO/JpG+r7fRrqm12kzFHyUHqHCVpMMbI=",
        "owner": "numtide",
        "repo": "flake-utils",
        "rev": "11707dc2f618dd54ca8739b309ec4fc024de578b",
        "type": "github"
      },
      "original": {
        "owner": "numtide",
        "repo": "flake-utils",
        "type": "github"
      }
    },
    "home-manager": {
      "inputs": {
        "nixpkgs": [
          "agent-skills-nix",
          "nixpkgs"
        ]
      },
      "locked": {
        "lastModified": 1766387499,
        "narHash": "sha256-AjK3/UKDzeXFeYNLVBaJ3+HLE9he1g5UrlNd4/BM3eA=",
        "owner": "nix-community",
        "repo": "home-manager",
        "rev": "527ad07e6625302b648ed3b28c34b62a79bd103e",
        "type": "github"
      },
      "original": {
        "owner": "nix-community",
        "repo": "home-manager",
        "type": "github"
      }
    },
    "home-manager_2": {
      "inputs": {
        "nixpkgs": [
          "nixpkgs"
        ]
      },
      "locked": {
        "lastModified": 1768997641,
        "narHash": "sha256-7vT8oS6ra/dJaZ6ShvZiPtlZ40XI7CTSb2PmuNPMiXE=",
        "owner": "nix-community",
        "repo": "home-manager",
        "rev": "27b60942b7285824937f8c2c05021370f6fc5904",
        "type": "github"
      },
      "original": {
        "owner": "nix-community",
        "repo": "home-manager",
        "type": "github"
      }
    },
    "llm-agents": {
      "inputs": {
        "blueprint": "blueprint",
        "nixpkgs": [
          "nixpkgs"
        ],
        "treefmt-nix": "treefmt-nix"
      },
      "locked": {
        "lastModified": 1768963990,
        "narHash": "sha256-DzLucv0Rbbd36eZJdx4OonbmQOlO0IvjgaXubOnCUwc=",
        "owner": "numtide",
        "repo": "llm-agents.nix",
        "rev": "e667068416b767589193d9dc51aa314cae8bedc8",
        "type": "github"
      },
      "original": {
        "owner": "numtide",
        "repo": "llm-agents.nix",
        "type": "github"
      }
    },
    "nix-darwin": {
      "inputs": {
        "nixpkgs": [
          "nixpkgs"
        ]
      },
      "locked": {
        "lastModified": 1768764703,
        "narHash": "sha256-5ulSDyOG1U+1sJhkJHYsUOWEsmtLl97O0NTVMvgIVyc=",
        "owner": "LnL7",
        "repo": "nix-darwin",
        "rev": "0fc4e7ac670a0ed874abacf73c4b072a6a58064b",
        "type": "github"
      },
      "original": {
        "owner": "LnL7",
        "repo": "nix-darwin",
        "type": "github"
      }
    },
    "nixos-wsl": {
      "inputs": {
        "flake-compat": "flake-compat",
        "nixpkgs": [
          "nixpkgs"
        ]
      },
      "locked": {
        "lastModified": 1768840529,
        "narHash": "sha256-e22ou8nikeThx9x9/y29VdMEW4Fm7DBzlhp9ndDJUGE=",
        "owner": "nix-community",
        "repo": "NixOS-WSL",
        "rev": "b8e9a758fa2e08d8ac5c3be5d4b1fcc92fd3ce84",
        "type": "github"
      },
      "original": {
        "owner": "nix-community",
        "ref": "main",
        "repo": "NixOS-WSL",
        "type": "github"
      }
    },
    "nixpkgs": {
      "locked": {
        "lastModified": 1768875095,
        "narHash": "sha256-dYP3DjiL7oIiiq3H65tGIXXIT1Waiadmv93JS0sS+8A=",
        "owner": "NixOS",
        "repo": "nixpkgs",
        "rev": "ed142ab1b3a092c4d149245d0c4126a5d7ea00b0",
        "type": "github"
      },
      "original": {
        "owner": "NixOS",
        "ref": "nixpkgs-unstable",
        "repo": "nixpkgs",
        "type": "github"
      }
    },
    "opencode": {
      "inputs": {
        "nixpkgs": [
          "nixpkgs"
        ]
      },
      "locked": {
        "lastModified": 1768997792,
        "narHash": "sha256-A00IfnQrFbPKVHDZ2emRXk7pWmggrlErBYDsIDoI+Kc=",
        "owner": "anomalyco",
        "repo": "opencode",
        "rev": "259b2a3c2dbb785dd46c83e243f20436a05e3021",
        "type": "github"
      },
      "original": {
        "owner": "anomalyco",
        "repo": "opencode",
        "type": "github"
      }
    },
    "opnix": {
      "inputs": {
        "flake-utils": "flake-utils_2",
        "nixpkgs": [
          "nixpkgs"
        ]
      },
      "locked": {
        "lastModified": 1768270397,
        "narHash": "sha256-5qBcY7sGKwrn62bjOtn/AS25+Ed4DoZbK+Q4ypxOJPI=",
        "owner": "brizzbuzz",
        "repo": "opnix",
        "rev": "4052e33f395b2be64be6457e001946c071a1b2b0",
        "type": "github"
      },
      "original": {
        "owner": "brizzbuzz",
        "repo": "opnix",
        "type": "github"
      }
    },
    "root": {
      "inputs": {
        "agent-browser": "agent-browser",
        "agent-skills-nix": "agent-skills-nix",
        "anthropics-agent-skills": "anthropics-agent-skills",
        "expo-agent-skills": "expo-agent-skills",
        "flake-utils": "flake-utils",
        "home-manager": "home-manager_2",
        "llm-agents": "llm-agents",
        "nix-darwin": "nix-darwin",
        "nixos-wsl": "nixos-wsl",
        "nixpkgs": "nixpkgs",
        "opencode": "opencode",
        "opnix": "opnix",
        "vercel-agent-skills": "vercel-agent-skills"
      }
    },
    "systems": {
      "locked": {
        "lastModified": 1681028828,
        "narHash": "sha256-Vy1rq5AaRuLzOxct8nz4T6wlgyUR7zLU309k9mBC768=",
        "owner": "nix-systems",
        "repo": "default",
        "rev": "da67096a3b9bf56a91d16901293e51ba5b49a27e",
        "type": "github"
      },
      "original": {
        "owner": "nix-systems",
        "repo": "default",
        "type": "github"
      }
    },
    "systems_2": {
      "locked": {
        "lastModified": 1681028828,
        "narHash": "sha256-Vy1rq5AaRuLzOxct8nz4T6wlgyUR7zLU309k9mBC768=",
        "owner": "nix-systems",
        "repo": "default",
        "rev": "da67096a3b9bf56a91d16901293e51ba5b49a27e",
        "type": "github"
      },
      "original": {
        "owner": "nix-systems",
        "repo": "default",
        "type": "github"
      }
    },
    "systems_3": {
      "locked": {
        "lastModified": 1681028828,
        "narHash": "sha256-Vy1rq5AaRuLzOxct8nz4T6wlgyUR7zLU309k9mBC768=",
        "owner": "nix-systems",
        "repo": "default",
        "rev": "da67096a3b9bf56a91d16901293e51ba5b49a27e",
        "type": "github"
      },
      "original": {
        "owner": "nix-systems",
        "repo": "default",
        "type": "github"
      }
    },
    "treefmt-nix": {
      "inputs": {
        "nixpkgs": [
          "llm-agents",
          "nixpkgs"
        ]
      },
      "locked": {
        "lastModified": 1768158989,
        "narHash": "sha256-67vyT1+xClLldnumAzCTBvU0jLZ1YBcf4vANRWP3+Ak=",
        "owner": "numtide",
        "repo": "treefmt-nix",
        "rev": "e96d59dff5c0d7fddb9d113ba108f03c3ef99eca",
        "type": "github"
      },
      "original": {
        "owner": "numtide",
        "repo": "treefmt-nix",
        "type": "github"
      }
    },
    "vercel-agent-skills": {
      "flake": false,
      "locked": {
        "lastModified": 1768936765,
        "narHash": "sha256-GQLxb+clwWxffdFNu2Aktgws1Q2BnBkNhJ6H458nsUk=",
        "owner": "vercel-labs",
        "repo": "agent-skills",
        "rev": "dd157cbd26f5c1f1154214035d3f8c9d7fe87a1c",
        "type": "github"
      },
      "original": {
        "owner": "vercel-labs",
        "repo": "agent-skills",
        "rev": "dd157cbd26f5c1f1154214035d3f8c9d7fe87a1c",
        "type": "github"
      }
    }
  },
  "root": "root",
  "version": 7
}
